
Microsoft Visual Studio Solution File, Format Version 12.00
# Visual Studio Version 17
VisualStudioVersion = 17.9.34723.18
MinimumVisualStudioVersion = 10.0.40219.1
Project("{FAE04EC0-301F-11D3-BF4B-00C04F79EFBC}") = "GoingMyTeaStore", "GoingMyTeaStore\GoingMyTeaStore.csproj", "{768CDF02-BE4A-440C-B94E-A133E3FB270D}"
EndProject
Project("{2150E333-8FDC-42A3-9474-1A3956D46DE8}") = "Solution Items", "Solution Items", "{6A9E7C4C-EB63-4B1A-8F47-53BA97C3DDDE}"
	ProjectSection(SolutionItems) = preProject
		.editorconfig = .editorconfig
	EndProjectSection
EndProject
Global
	GlobalSection(SolutionConfigurationPlatforms) = preSolution
		Debug|Any CPU = Debug|Any CPU
		Release|Any CPU = Release|Any CPU
	EndGlobalSection
	GlobalSection(ProjectConfigurationPlatforms) = postSolution
		{768CDF02-BE4A-440C-B94E-A133E3FB270D}.Debug|Any CPU.ActiveCfg = Debug|Any CPU
		{768CDF02-BE4A-440C-B94E-A133E3FB270D}.Debug|Any CPU.Build.0 = Debug|Any CPU
		{768CDF02-BE4A-440C-B94E-A133E3FB270D}.Debug|Any CPU.Deploy.0 = Debug|Any CPU
		{768CDF02-BE4A-440C-B94E-A133E3FB270D}.Release|Any CPU.ActiveCfg = Release|Any CPU
		{768CDF02-BE4A-440C-B94E-A133E3FB270D}.Release|Any CPU.Build.0 = Release|Any CPU
		{768CDF02-BE4A-440C-B94E-A133E3FB270D}.Release|Any CPU.Deploy.0 = Release|Any CPU
	EndGlobalSection
	GlobalSection(SolutionProperties) = preSolution
		HideSolutionNode = FALSE
	EndGlobalSection
	GlobalSection(ExtensibilityGlobals) = postSolution
		SolutionGuid = {9A6B5B5B-23EA-4AC4-9747-A180F3B9A4C5}
	EndGlobalSection
EndGlobal
